
Microsoft Visual Studio Solution File, Format Version 12.00
# Visual Studio Version 16
VisualStudioVersion = 16.0.30204.135
MinimumVisualStudioVersion = 10.0.40219.1
Project("{9A19103F-16F7-4668-BE54-9A1E7A4F7556}") = "MarsRover", "MarsRover\MarsRover.csproj", "{3F2BF07D-139C-4689-9931-E9910AB2E351}"
EndProject
Project("{FAE04EC0-301F-11D3-BF4B-00C04F79EFBC}") = "MarsRoverUnitTest", "MarsRoverUnitTest\MarsRoverUnitTest.csproj", "{9AA6D6D5-97FC-4A05-B44E-42753E5059DD}"
	ProjectSection(ProjectDependencies) = postProject
		{3F2BF07D-139C-4689-9931-E9910AB2E351} = {3F2BF07D-139C-4689-9931-E9910AB2E351}
	EndProjectSection
EndProject
Global
	GlobalSection(SolutionConfigurationPlatforms) = preSolution
		Debug|Any CPU = Debug|Any CPU
		Debug|x64 = Debug|x64
		Debug|x86 = Debug|x86
		Release|Any CPU = Release|Any CPU
		Release|x64 = Release|x64
		Release|x86 = Release|x86
	EndGlobalSection
	GlobalSection(ProjectConfigurationPlatforms) = postSolution
		{3F2BF07D-139C-4689-9931-E9910AB2E351}.Debug|Any CPU.ActiveCfg = Debug|x64
		{3F2BF07D-139C-4689-9931-E9910AB2E351}.Debug|Any CPU.Build.0 = Debug|x64
		{3F2BF07D-139C-4689-9931-E9910AB2E351}.Debug|x64.ActiveCfg = Debug|x64
		{3F2BF07D-139C-4689-9931-E9910AB2E351}.Debug|x64.Build.0 = Debug|x64
		{3F2BF07D-139C-4689-9931-E9910AB2E351}.Debug|x86.ActiveCfg = Debug|x64
		{3F2BF07D-139C-4689-9931-E9910AB2E351}.Debug|x86.Build.0 = Debug|x64
		{3F2BF07D-139C-4689-9931-E9910AB2E351}.Release|Any CPU.ActiveCfg = Release|Any CPU
		{3F2BF07D-139C-4689-9931-E9910AB2E351}.Release|Any CPU.Build.0 = Release|Any CPU
		{3F2BF07D-139C-4689-9931-E9910AB2E351}.Release|x64.ActiveCfg = Release|x64
		{3F2BF07D-139C-4689-9931-E9910AB2E351}.Release|x64.Build.0 = Release|x64
		{3F2BF07D-139C-4689-9931-E9910AB2E351}.Release|x86.ActiveCfg = Release|x86
		{3F2BF07D-139C-4689-9931-E9910AB2E351}.Release|x86.Build.0 = Release|x86
		{9AA6D6D5-97FC-4A05-B44E-42753E5059DD}.Debug|Any CPU.ActiveCfg = Debug|Any CPU
		{9AA6D6D5-97FC-4A05-B44E-42753E5059DD}.Debug|Any CPU.Build.0 = Debug|Any CPU
		{9AA6D6D5-97FC-4A05-B44E-42753E5059DD}.Debug|x64.ActiveCfg = Debug|Any CPU
		{9AA6D6D5-97FC-4A05-B44E-42753E5059DD}.Debug|x64.Build.0 = Debug|Any CPU
		{9AA6D6D5-97FC-4A05-B44E-42753E5059DD}.Debug|x86.ActiveCfg = Debug|Any CPU
		{9AA6D6D5-97FC-4A05-B44E-42753E5059DD}.Debug|x86.Build.0 = Debug|Any CPU
		{9AA6D6D5-97FC-4A05-B44E-42753E5059DD}.Release|Any CPU.ActiveCfg = Release|Any CPU
		{9AA6D6D5-97FC-4A05-B44E-42753E5059DD}.Release|Any CPU.Build.0 = Release|Any CPU
		{9AA6D6D5-97FC-4A05-B44E-42753E5059DD}.Release|x64.ActiveCfg = Release|Any CPU
		{9AA6D6D5-97FC-4A05-B44E-42753E5059DD}.Release|x64.Build.0 = Release|Any CPU
		{9AA6D6D5-97FC-4A05-B44E-42753E5059DD}.Release|x86.ActiveCfg = Release|Any CPU
		{9AA6D6D5-97FC-4A05-B44E-42753E5059DD}.Release|x86.Build.0 = Release|Any CPU
	EndGlobalSection
	GlobalSection(SolutionProperties) = preSolution
		HideSolutionNode = FALSE
	EndGlobalSection
	GlobalSection(ExtensibilityGlobals) = postSolution
		SolutionGuid = {53B522A9-1731-4C50-BCE0-9F742EDCE51E}
	EndGlobalSection
EndGlobal
